
Microsoft Visual Studio Solution File, Format Version 12.00
# Visual Studio Version 17
VisualStudioVersion = 17.0.31903.59
MinimumVisualStudioVersion = 10.0.40219.1
Project("{FAE04EC0-301F-11D3-BF4B-00C04F79EFBC}") = "Shared", "Shared\Shared.csproj", "{34F2016D-0F4B-4F2B-9D2F-3A38F8F8B091}"
EndProject
Project("{FAE04EC0-301F-11D3-BF4B-00C04F79EFBC}") = "01", "01\01.csproj", "{857E30DB-510E-4132-9C7C-4754C65FCBC8}"
EndProject
Project("{FAE04EC0-301F-11D3-BF4B-00C04F79EFBC}") = "02", "02\02.csproj", "{CDEB63D2-5D2D-46F8-BE88-1B2946E48BF0}"
EndProject
Project("{FAE04EC0-301F-11D3-BF4B-00C04F79EFBC}") = "03", "03\03.csproj", "{7534AACC-CD44-4B80-9C19-5A697C8A86DB}"
EndProject
Global
	GlobalSection(SolutionConfigurationPlatforms) = preSolution
		Debug|Any CPU = Debug|Any CPU
		Release|Any CPU = Release|Any CPU
	EndGlobalSection
	GlobalSection(SolutionProperties) = preSolution
		HideSolutionNode = FALSE
	EndGlobalSection
	GlobalSection(ProjectConfigurationPlatforms) = postSolution
		{34F2016D-0F4B-4F2B-9D2F-3A38F8F8B091}.Debug|Any CPU.ActiveCfg = Debug|Any CPU
		{34F2016D-0F4B-4F2B-9D2F-3A38F8F8B091}.Debug|Any CPU.Build.0 = Debug|Any CPU
		{34F2016D-0F4B-4F2B-9D2F-3A38F8F8B091}.Release|Any CPU.ActiveCfg = Release|Any CPU
		{34F2016D-0F4B-4F2B-9D2F-3A38F8F8B091}.Release|Any CPU.Build.0 = Release|Any CPU
		{857E30DB-510E-4132-9C7C-4754C65FCBC8}.Debug|Any CPU.ActiveCfg = Debug|Any CPU
		{857E30DB-510E-4132-9C7C-4754C65FCBC8}.Debug|Any CPU.Build.0 = Debug|Any CPU
		{857E30DB-510E-4132-9C7C-4754C65FCBC8}.Release|Any CPU.ActiveCfg = Release|Any CPU
		{857E30DB-510E-4132-9C7C-4754C65FCBC8}.Release|Any CPU.Build.0 = Release|Any CPU
		{CDEB63D2-5D2D-46F8-BE88-1B2946E48BF0}.Debug|Any CPU.ActiveCfg = Debug|Any CPU
		{CDEB63D2-5D2D-46F8-BE88-1B2946E48BF0}.Debug|Any CPU.Build.0 = Debug|Any CPU
		{CDEB63D2-5D2D-46F8-BE88-1B2946E48BF0}.Release|Any CPU.ActiveCfg = Release|Any CPU
		{CDEB63D2-5D2D-46F8-BE88-1B2946E48BF0}.Release|Any CPU.Build.0 = Release|Any CPU
		{7534AACC-CD44-4B80-9C19-5A697C8A86DB}.Debug|Any CPU.ActiveCfg = Debug|Any CPU
		{7534AACC-CD44-4B80-9C19-5A697C8A86DB}.Debug|Any CPU.Build.0 = Debug|Any CPU
		{7534AACC-CD44-4B80-9C19-5A697C8A86DB}.Release|Any CPU.ActiveCfg = Release|Any CPU
		{7534AACC-CD44-4B80-9C19-5A697C8A86DB}.Release|Any CPU.Build.0 = Release|Any CPU
	EndGlobalSection
EndGlobal
